
Microsoft Visual Studio Solution File, Format Version 12.00
# Visual Studio Version 17
VisualStudioVersion = 17.7.34221.43
MinimumVisualStudioVersion = 10.0.40219.1
Project("{9A19103F-16F7-4668-BE54-9A1E7A4F7556}") = "Singleton", "Singleton\Singleton.csproj", "{E414652C-9054-4F31-A56D-9A9153443FA6}"
EndProject
Project("{9A19103F-16F7-4668-BE54-9A1E7A4F7556}") = "Factory Method", "FactoryMethod\Factory Method.csproj", "{37A74684-54F8-49E6-B729-F2107AFB2F14}"
EndProject
Project("{2150E333-8FDC-42A3-9474-1A3956D46DE8}") = "Creational Patterns", "Creational Patterns", "{35511DE9-2109-49FE-B1F2-F48FA70911D1}"
EndProject
Project("{9A19103F-16F7-4668-BE54-9A1E7A4F7556}") = "Builder", "Builder\Builder.csproj", "{204942FA-0E46-4839-B7E1-D83314731161}"
EndProject
Project("{2150E333-8FDC-42A3-9474-1A3956D46DE8}") = "Structural Patterns", "Structural Patterns", "{BE09C913-307F-43DC-8F19-DEA39BF08687}"
EndProject
Project("{9A19103F-16F7-4668-BE54-9A1E7A4F7556}") = "Adapter", "Adapter\Adapter.csproj", "{7AF0694D-43B1-41BE-B825-4C710A8D7CDF}"
EndProject
Project("{9A19103F-16F7-4668-BE54-9A1E7A4F7556}") = "Composite", "Composite\Composite.csproj", "{38E5ECCC-6D3C-43F4-A59B-EE27600F218D}"
EndProject
Project("{9A19103F-16F7-4668-BE54-9A1E7A4F7556}") = "Proxy", "Proxy\Proxy.csproj", "{EE34EB97-683A-4E3D-AC3F-18BD0787601C}"
EndProject
Project("{9A19103F-16F7-4668-BE54-9A1E7A4F7556}") = "Decorator", "Decorator\Decorator.csproj", "{80987E8A-5DFF-429C-9DDD-4802E7642E0F}"
EndProject
Project("{2150E333-8FDC-42A3-9474-1A3956D46DE8}") = "Behavioral Patterns", "Behavioral Patterns", "{594A1694-00D6-438C-967D-A542E7BD89E4}"
EndProject
Project("{9A19103F-16F7-4668-BE54-9A1E7A4F7556}") = "Strategy", "Strategy\Strategy.csproj", "{282AF4DD-CD2C-474D-8107-BE55FC9DE5CB}"
EndProject
Project("{9A19103F-16F7-4668-BE54-9A1E7A4F7556}") = "Observer", "Observer\Observer.csproj", "{4665225C-F593-4962-A53F-9EEA4B87F12E}"
EndProject
Project("{9A19103F-16F7-4668-BE54-9A1E7A4F7556}") = "Command", "Command\Command.csproj", "{D36D3102-D694-4440-BFB2-2E253DF81B7F}"
EndProject
Project("{9A19103F-16F7-4668-BE54-9A1E7A4F7556}") = "State", "State\State.csproj", "{7CC551C0-8806-498E-A266-4CBAECF878F7}"
EndProject
Project("{9A19103F-16F7-4668-BE54-9A1E7A4F7556}") = "TemplateMethod", "TemplateMethod\TemplateMethod.csproj", "{BC31E0D1-2AFB-453A-86EB-581AF5AB2B66}"
EndProject
Project("{9A19103F-16F7-4668-BE54-9A1E7A4F7556}") = "AbstractFactory", "AbstractFactory\AbstractFactory.csproj", "{6EE5F76A-D46E-4691-921F-17E29E36E5D4}"
EndProject
Project("{9A19103F-16F7-4668-BE54-9A1E7A4F7556}") = "Prototype", "Prototype\Prototype.csproj", "{978D1B71-DEA3-46D9-9B98-966268826B2E}"
EndProject
Project("{9A19103F-16F7-4668-BE54-9A1E7A4F7556}") = "Bridge", "Bridge\Bridge.csproj", "{96EDCEDC-8C6D-438E-8E69-7DD8C03D3D5E}"
EndProject
Project("{9A19103F-16F7-4668-BE54-9A1E7A4F7556}") = "Facade", "Facade\Facade.csproj", "{02577667-C912-453E-B3D0-F20D5ADF9250}"
EndProject
Global
	GlobalSection(SolutionConfigurationPlatforms) = preSolution
		Debug|Any CPU = Debug|Any CPU
		Release|Any CPU = Release|Any CPU
	EndGlobalSection
	GlobalSection(ProjectConfigurationPlatforms) = postSolution
		{E414652C-9054-4F31-A56D-9A9153443FA6}.Debug|Any CPU.ActiveCfg = Debug|Any CPU
		{E414652C-9054-4F31-A56D-9A9153443FA6}.Debug|Any CPU.Build.0 = Debug|Any CPU
		{E414652C-9054-4F31-A56D-9A9153443FA6}.Release|Any CPU.ActiveCfg = Release|Any CPU
		{E414652C-9054-4F31-A56D-9A9153443FA6}.Release|Any CPU.Build.0 = Release|Any CPU
		{37A74684-54F8-49E6-B729-F2107AFB2F14}.Debug|Any CPU.ActiveCfg = Debug|Any CPU
		{37A74684-54F8-49E6-B729-F2107AFB2F14}.Debug|Any CPU.Build.0 = Debug|Any CPU
		{37A74684-54F8-49E6-B729-F2107AFB2F14}.Release|Any CPU.ActiveCfg = Release|Any CPU
		{37A74684-54F8-49E6-B729-F2107AFB2F14}.Release|Any CPU.Build.0 = Release|Any CPU
		{204942FA-0E46-4839-B7E1-D83314731161}.Debug|Any CPU.ActiveCfg = Debug|Any CPU
		{204942FA-0E46-4839-B7E1-D83314731161}.Debug|Any CPU.Build.0 = Debug|Any CPU
		{204942FA-0E46-4839-B7E1-D83314731161}.Release|Any CPU.ActiveCfg = Release|Any CPU
		{204942FA-0E46-4839-B7E1-D83314731161}.Release|Any CPU.Build.0 = Release|Any CPU
		{7AF0694D-43B1-41BE-B825-4C710A8D7CDF}.Debug|Any CPU.ActiveCfg = Debug|Any CPU
		{7AF0694D-43B1-41BE-B825-4C710A8D7CDF}.Debug|Any CPU.Build.0 = Debug|Any CPU
		{7AF0694D-43B1-41BE-B825-4C710A8D7CDF}.Release|Any CPU.ActiveCfg = Release|Any CPU
		{7AF0694D-43B1-41BE-B825-4C710A8D7CDF}.Release|Any CPU.Build.0 = Release|Any CPU
		{38E5ECCC-6D3C-43F4-A59B-EE27600F218D}.Debug|Any CPU.ActiveCfg = Debug|Any CPU
		{38E5ECCC-6D3C-43F4-A59B-EE27600F218D}.Debug|Any CPU.Build.0 = Debug|Any CPU
		{38E5ECCC-6D3C-43F4-A59B-EE27600F218D}.Release|Any CPU.ActiveCfg = Release|Any CPU
		{38E5ECCC-6D3C-43F4-A59B-EE27600F218D}.Release|Any CPU.Build.0 = Release|Any CPU
		{EE34EB97-683A-4E3D-AC3F-18BD0787601C}.Debug|Any CPU.ActiveCfg = Debug|Any CPU
		{EE34EB97-683A-4E3D-AC3F-18BD0787601C}.Debug|Any CPU.Build.0 = Debug|Any CPU
		{EE34EB97-683A-4E3D-AC3F-18BD0787601C}.Release|Any CPU.ActiveCfg = Release|Any CPU
		{EE34EB97-683A-4E3D-AC3F-18BD0787601C}.Release|Any CPU.Build.0 = Release|Any CPU
		{80987E8A-5DFF-429C-9DDD-4802E7642E0F}.Debug|Any CPU.ActiveCfg = Debug|Any CPU
		{80987E8A-5DFF-429C-9DDD-4802E7642E0F}.Debug|Any CPU.Build.0 = Debug|Any CPU
		{80987E8A-5DFF-429C-9DDD-4802E7642E0F}.Release|Any CPU.ActiveCfg = Release|Any CPU
		{80987E8A-5DFF-429C-9DDD-4802E7642E0F}.Release|Any CPU.Build.0 = Release|Any CPU
		{282AF4DD-CD2C-474D-8107-BE55FC9DE5CB}.Debug|Any CPU.ActiveCfg = Debug|Any CPU
		{282AF4DD-CD2C-474D-8107-BE55FC9DE5CB}.Debug|Any CPU.Build.0 = Debug|Any CPU
		{282AF4DD-CD2C-474D-8107-BE55FC9DE5CB}.Release|Any CPU.ActiveCfg = Release|Any CPU
		{282AF4DD-CD2C-474D-8107-BE55FC9DE5CB}.Release|Any CPU.Build.0 = Release|Any CPU
		{4665225C-F593-4962-A53F-9EEA4B87F12E}.Debug|Any CPU.ActiveCfg = Debug|Any CPU
		{4665225C-F593-4962-A53F-9EEA4B87F12E}.Debug|Any CPU.Build.0 = Debug|Any CPU
		{4665225C-F593-4962-A53F-9EEA4B87F12E}.Release|Any CPU.ActiveCfg = Release|Any CPU
		{4665225C-F593-4962-A53F-9EEA4B87F12E}.Release|Any CPU.Build.0 = Release|Any CPU
		{D36D3102-D694-4440-BFB2-2E253DF81B7F}.Debug|Any CPU.ActiveCfg = Debug|Any CPU
		{D36D3102-D694-4440-BFB2-2E253DF81B7F}.Debug|Any CPU.Build.0 = Debug|Any CPU
		{D36D3102-D694-4440-BFB2-2E253DF81B7F}.Release|Any CPU.ActiveCfg = Release|Any CPU
		{D36D3102-D694-4440-BFB2-2E253DF81B7F}.Release|Any CPU.Build.0 = Release|Any CPU
		{7CC551C0-8806-498E-A266-4CBAECF878F7}.Debug|Any CPU.ActiveCfg = Debug|Any CPU
		{7CC551C0-8806-498E-A266-4CBAECF878F7}.Debug|Any CPU.Build.0 = Debug|Any CPU
		{7CC551C0-8806-498E-A266-4CBAECF878F7}.Release|Any CPU.ActiveCfg = Release|Any CPU
		{7CC551C0-8806-498E-A266-4CBAECF878F7}.Release|Any CPU.Build.0 = Release|Any CPU
		{BC31E0D1-2AFB-453A-86EB-581AF5AB2B66}.Debug|Any CPU.ActiveCfg = Debug|Any CPU
		{BC31E0D1-2AFB-453A-86EB-581AF5AB2B66}.Debug|Any CPU.Build.0 = Debug|Any CPU
		{BC31E0D1-2AFB-453A-86EB-581AF5AB2B66}.Release|Any CPU.ActiveCfg = Release|Any CPU
		{BC31E0D1-2AFB-453A-86EB-581AF5AB2B66}.Release|Any CPU.Build.0 = Release|Any CPU
		{6EE5F76A-D46E-4691-921F-17E29E36E5D4}.Debug|Any CPU.ActiveCfg = Debug|Any CPU
		{6EE5F76A-D46E-4691-921F-17E29E36E5D4}.Debug|Any CPU.Build.0 = Debug|Any CPU
		{6EE5F76A-D46E-4691-921F-17E29E36E5D4}.Release|Any CPU.ActiveCfg = Release|Any CPU
		{6EE5F76A-D46E-4691-921F-17E29E36E5D4}.Release|Any CPU.Build.0 = Release|Any CPU
		{978D1B71-DEA3-46D9-9B98-966268826B2E}.Debug|Any CPU.ActiveCfg = Debug|Any CPU
		{978D1B71-DEA3-46D9-9B98-966268826B2E}.Debug|Any CPU.Build.0 = Debug|Any CPU
		{978D1B71-DEA3-46D9-9B98-966268826B2E}.Release|Any CPU.ActiveCfg = Release|Any CPU
		{978D1B71-DEA3-46D9-9B98-966268826B2E}.Release|Any CPU.Build.0 = Release|Any CPU
		{96EDCEDC-8C6D-438E-8E69-7DD8C03D3D5E}.Debug|Any CPU.ActiveCfg = Debug|Any CPU
		{96EDCEDC-8C6D-438E-8E69-7DD8C03D3D5E}.Debug|Any CPU.Build.0 = Debug|Any CPU
		{96EDCEDC-8C6D-438E-8E69-7DD8C03D3D5E}.Release|Any CPU.ActiveCfg = Release|Any CPU
		{96EDCEDC-8C6D-438E-8E69-7DD8C03D3D5E}.Release|Any CPU.Build.0 = Release|Any CPU
		{02577667-C912-453E-B3D0-F20D5ADF9250}.Debug|Any CPU.ActiveCfg = Debug|Any CPU
		{02577667-C912-453E-B3D0-F20D5ADF9250}.Debug|Any CPU.Build.0 = Debug|Any CPU
		{02577667-C912-453E-B3D0-F20D5ADF9250}.Release|Any CPU.ActiveCfg = Release|Any CPU
		{02577667-C912-453E-B3D0-F20D5ADF9250}.Release|Any CPU.Build.0 = Release|Any CPU
	EndGlobalSection
	GlobalSection(SolutionProperties) = preSolution
		HideSolutionNode = FALSE
	EndGlobalSection
	GlobalSection(NestedProjects) = preSolution
		{E414652C-9054-4F31-A56D-9A9153443FA6} = {35511DE9-2109-49FE-B1F2-F48FA70911D1}
		{37A74684-54F8-49E6-B729-F2107AFB2F14} = {35511DE9-2109-49FE-B1F2-F48FA70911D1}
		{204942FA-0E46-4839-B7E1-D83314731161} = {35511DE9-2109-49FE-B1F2-F48FA70911D1}
		{7AF0694D-43B1-41BE-B825-4C710A8D7CDF} = {BE09C913-307F-43DC-8F19-DEA39BF08687}
		{38E5ECCC-6D3C-43F4-A59B-EE27600F218D} = {BE09C913-307F-43DC-8F19-DEA39BF08687}
		{EE34EB97-683A-4E3D-AC3F-18BD0787601C} = {BE09C913-307F-43DC-8F19-DEA39BF08687}
		{80987E8A-5DFF-429C-9DDD-4802E7642E0F} = {BE09C913-307F-43DC-8F19-DEA39BF08687}
		{282AF4DD-CD2C-474D-8107-BE55FC9DE5CB} = {594A1694-00D6-438C-967D-A542E7BD89E4}
		{4665225C-F593-4962-A53F-9EEA4B87F12E} = {594A1694-00D6-438C-967D-A542E7BD89E4}
		{D36D3102-D694-4440-BFB2-2E253DF81B7F} = {594A1694-00D6-438C-967D-A542E7BD89E4}
		{7CC551C0-8806-498E-A266-4CBAECF878F7} = {594A1694-00D6-438C-967D-A542E7BD89E4}
		{BC31E0D1-2AFB-453A-86EB-581AF5AB2B66} = {594A1694-00D6-438C-967D-A542E7BD89E4}
		{6EE5F76A-D46E-4691-921F-17E29E36E5D4} = {35511DE9-2109-49FE-B1F2-F48FA70911D1}
		{978D1B71-DEA3-46D9-9B98-966268826B2E} = {35511DE9-2109-49FE-B1F2-F48FA70911D1}
		{96EDCEDC-8C6D-438E-8E69-7DD8C03D3D5E} = {BE09C913-307F-43DC-8F19-DEA39BF08687}
		{02577667-C912-453E-B3D0-F20D5ADF9250} = {BE09C913-307F-43DC-8F19-DEA39BF08687}
	EndGlobalSection
	GlobalSection(ExtensibilityGlobals) = postSolution
		SolutionGuid = {71D92C80-42D5-4916-95D0-BDF55B7426A2}
	EndGlobalSection
EndGlobal
